Microsoft Visual Studio Solution File, Format Version 11.00
# Visual Studio 2008

Project("{42D96042-07D6-FAAF-F739-9EA710B16314}") = "COMP305-F2016-Lesson2A", "Assembly-CSharp.csproj", "{DFFCDD6A-FB6B-8F74-CD80-DF94B8716D63}"
EndProject
Global
	GlobalSection(SolutionConfigurationPlatforms) = preSolution
		Debug|Any CPU = Debug|Any CPU
		Release|Any CPU = Release|Any CPU
	EndGlobalSection
	GlobalSection(ProjectConfigurationPlatforms) = postSolution
		{DFFCDD6A-FB6B-8F74-CD80-DF94B8716D63}.Debug|Any CPU.ActiveCfg = Debug|Any CPU
		{DFFCDD6A-FB6B-8F74-CD80-DF94B8716D63}.Debug|Any CPU.Build.0 = Debug|Any CPU
		{DFFCDD6A-FB6B-8F74-CD80-DF94B8716D63}.Release|Any CPU.ActiveCfg = Release|Any CPU
		{DFFCDD6A-FB6B-8F74-CD80-DF94B8716D63}.Release|Any CPU.Build.0 = Release|Any CPU
	EndGlobalSection
	GlobalSection(SolutionProperties) = preSolution
		HideSolutionNode = FALSE
	EndGlobalSection
	GlobalSection(MonoDevelopProperties) = preSolution
		StartupItem = Assembly-CSharp.csproj
	EndGlobalSection
EndGlobal
